// !$*UTF8*$!
{
	archiveVersion = 1;
	classes = {
	};
	objectVersion = 50;
	objects = {

/* Begin PBXBuildFile section */
		05C7F192260F77D800211D19 /* TrafficLightSwiftUIApp.swift in Sources */ = {isa = PBXBuildFile; fileRef = 05C7F191260F77D800211D19 /* TrafficLightSwiftUIApp.swift */; };
		05C7F194260F77D800211D19 /* ContentView.swift in Sources */ = {isa = PBXBuildFile; fileRef = 05C7F193260F77D800211D19 /* ContentView.swift */; };
		05C7F196260F77DB00211D19 /* Assets.xcassets in Resources */ = {isa = PBXBuildFile; fileRef = 05C7F195260F77DB00211D19 /* Assets.xcassets */; };
		05C7F199260F77DB00211D19 /* Preview Assets.xcassets in Resources */ = {isa = PBXBuildFile; fileRef = 05C7F198260F77DB00211D19 /* Preview Assets.xcassets */; };
		05C7F1A2260F7E6A00211D19 /* RedCircle.swift in Sources */ = {isa = PBXBuildFile; fileRef = 05C7F1A1260F7E6A00211D19 /* RedCircle.swift */; };
		05C7F1A5260F813400211D19 /* YellowCircle.swift in Sources */ = {isa = PBXBuildFile; fileRef = 05C7F1A4260F813400211D19 /* YellowCircle.swift */; };
		05C7F1A8260F816D00211D19 /* GreenCircle.swift in Sources */ = {isa = PBXBuildFile; fileRef = 05C7F1A7260F816D00211D19 /* GreenCircle.swift */; };
		05C7F1B1260F8EC000211D19 /* ButtonAction.swift in Sources */ = {isa = PBXBuildFile; fileRef = 05C7F1B0260F8EC000211D19 /* ButtonAction.swift */; };
		05C7F1B4260F904B00211D19 /* ButtonShape.swift in Sources */ = {isa = PBXBuildFile; fileRef = 05C7F1B3260F904B00211D19 /* ButtonShape.swift */; };
/* End PBXBuildFile section */

/* Begin PBXFileReference section */
		05C7F18E260F77D800211D19 /* TrafficLightSwiftUI.app */ = {isa = PBXFileReference; explicitFileType = wrapper.application; includeInIndex = 0; path = TrafficLightSwiftUI.app; sourceTree = BUILT_PRODUCTS_DIR; };
		05C7F191260F77D800211D19 /* TrafficLightSwiftUIApp.swift */ = {isa = PBXFileReference; lastKnownFileType = sourcecode.swift; path = TrafficLightSwiftUIApp.swift; sourceTree = "<group>"; };
		05C7F193260F77D800211D19 /* ContentView.swift */ = {isa = PBXFileReference; lastKnownFileType = sourcecode.swift; path = ContentView.swift; sourceTree = "<group>"; };
		05C7F195260F77DB00211D19 /* Assets.xcassets */ = {isa = PBXFileReference; lastKnownFileType = folder.assetcatalog; path = Assets.xcassets; sourceTree = "<group>"; };
		05C7F198260F77DB00211D19 /* Preview Assets.xcassets */ = {isa = PBXFileReference; lastKnownFileType = folder.assetcatalog; path = "Preview Assets.xcassets"; sourceTree = "<group>"; };
		05C7F19A260F77DB00211D19 /* Info.plist */ = {isa = PBXFileReference; lastKnownFileType = text.plist.xml; path = Info.plist; sourceTree = "<group>"; };
		05C7F1A1260F7E6A00211D19 /* RedCircle.swift */ = {isa = PBXFileReference; lastKnownFileType = sourcecode.swift; path = RedCircle.swift; sourceTree = "<group>"; };
		05C7F1A4260F813400211D19 /* YellowCircle.swift */ = {isa = PBXFileReference; lastKnownFileType = sourcecode.swift; path = YellowCircle.swift; sourceTree = "<group>"; };
		05C7F1A7260F816D00211D19 /* GreenCircle.swift */ = {isa = PBXFileReference; lastKnownFileType = sourcecode.swift; path = GreenCircle.swift; sourceTree = "<group>"; };
		05C7F1B0260F8EC000211D19 /* ButtonAction.swift */ = {isa = PBXFileReference; lastKnownFileType = sourcecode.swift; path = ButtonAction.swift; sourceTree = "<group>"; };
		05C7F1B3260F904B00211D19 /* ButtonShape.swift */ = {isa = PBXFileReference; lastKnownFileType = sourcecode.swift; path = ButtonShape.swift; sourceTree = "<group>"; };
/* End PBXFileReference section */

/* Begin PBXFrameworksBuildPhase section */
		05C7F18B260F77D800211D19 /* Frameworks */ = {
			isa = PBXFrameworksBuildPhase;
			buildActionMask = 2147483647;
			files = (
			);
			runOnlyForDeploymentPostprocessing = 0;
		};
/* End PBXFrameworksBuildPhase section */

/* Begin PBXGroup section */
		05C7F185260F77D800211D19 = {
			isa = PBXGroup;
			children = (
				05C7F190260F77D800211D19 /* TrafficLightSwiftUI */,
				05C7F18F260F77D800211D19 /* Products */,
			);
			sourceTree = "<group>";
		};
		05C7F18F260F77D800211D19 /* Products */ = {
			isa = PBXGroup;
			children = (
				05C7F18E260F77D800211D19 /* TrafficLightSwiftUI.app */,
			);
			name = Products;
			sourceTree = "<group>";
		};
		05C7F190260F77D800211D19 /* TrafficLightSwiftUI */ = {
			isa = PBXGroup;
			children = (
				05C7F191260F77D800211D19 /* TrafficLightSwiftUIApp.swift */,
				05C7F193260F77D800211D19 /* ContentView.swift */,
				05C7F1B0260F8EC000211D19 /* ButtonAction.swift */,
				05C7F1B3260F904B00211D19 /* ButtonShape.swift */,
				05C7F1A1260F7E6A00211D19 /* RedCircle.swift */,
				05C7F1A4260F813400211D19 /* YellowCircle.swift */,
				05C7F1A7260F816D00211D19 /* GreenCircle.swift */,
				05C7F195260F77DB00211D19 /* Assets.xcassets */,
				05C7F19A260F77DB00211D19 /* Info.plist */,
				05C7F197260F77DB00211D19 /* Preview Content */,
			);
			path = TrafficLightSwiftUI;
			sourceTree = "<group>";
		};
		05C7F197260F77DB00211D19 /* Preview Content */ = {
			isa = PBXGroup;
			children = (
				05C7F198260F77DB00211D19 /* Preview Assets.xcassets */,
			);
			path = "Preview Content";
			sourceTree = "<group>";
		};
/* End PBXGroup section */

/* Begin PBXNativeTarget section */
		05C7F18D260F77D800211D19 /* TrafficLightSwiftUI */ = {
			isa = PBXNativeTarget;
			buildConfigurationList = 05C7F19D260F77DB00211D19 /* Build configuration list for PBXNativeTarget "TrafficLightSwiftUI" */;
			buildPhases = (
				05C7F18A260F77D800211D19 /* Sources */,
				05C7F18B260F77D800211D19 /* Frameworks */,
				05C7F18C260F77D800211D19 /* Resources */,
			);
			buildRules = (
			);
			dependencies = (
			);
			name = TrafficLightSwiftUI;
			productName = TrafficLightSwiftUI;
			productReference = 05C7F18E260F77D800211D19 /* TrafficLightSwiftUI.app */;
			productType = "com.apple.product-type.application";
		};
/* End PBXNativeTarget section */

/* Begin PBXProject section */
		05C7F186260F77D800211D19 /* Project object */ = {
			isa = PBXProject;
			attributes = {
				LastSwiftUpdateCheck = 1240;
				LastUpgradeCheck = 1240;
				TargetAttributes = {
					05C7F18D260F77D800211D19 = {
						CreatedOnToolsVersion = 12.4;
					};
				};
			};
			buildConfigurationList = 05C7F189260F77D800211D19 /* Build configuration list for PBXProject "TrafficLightSwiftUI" */;
			compatibilityVersion = "Xcode 9.3";
			developmentRegion = en;
			hasScannedForEncodings = 0;
			knownRegions = (
				en,
				Base,
			);
			mainGroup = 05C7F185260F77D800211D19;
			productRefGroup = 05C7F18F260F77D800211D19 /* Products */;
			projectDirPath = "";
			projectRoot = "";
			targets = (
				05C7F18D260F77D800211D19 /* TrafficLightSwiftUI */,
			);
		};
/* End PBXProject section */

/* Begin PBXResourcesBuildPhase section */
		05C7F18C260F77D800211D19 /* Resources */ = {
			isa = PBXResourcesBuildPhase;
			buildActionMask = 2147483647;
			files = (
				05C7F199260F77DB00211D19 /* Preview Assets.xcassets in Resources */,
				05C7F196260F77DB00211D19 /* Assets.xcassets in Resources */,
			);
			runOnlyForDeploymentPostprocessing = 0;
		};
/* End PBXResourcesBuildPhase section */

/* Begin PBXSourcesBuildPhase section */
		05C7F18A260F77D800211D19 /* Sources */ = {
			isa = PBXSourcesBuildPhase;
			buildActionMask = 2147483647;
			files = (
				05C7F194260F77D800211D19 /* ContentView.swift in Sources */,
				05C7F1B1260F8EC000211D19 /* ButtonAction.swift in Sources */,
				05C7F192260F77D800211D19 /* TrafficLightSwiftUIApp.swift in Sources */,
				05C7F1A8260F816D00211D19 /* GreenCircle.swift in Sources */,
				05C7F1A2260F7E6A00211D19 /* RedCircle.swift in Sources */,
				05C7F1B4260F904B00211D19 /* ButtonShape.swift in Sources */,
				05C7F1A5260F813400211D19 /* YellowCircle.swift in Sources */,
			);
			runOnlyForDeploymentPostprocessing = 0;
		};
/* End PBXSourcesBuildPhase section */

/* Begin XCBuildConfiguration section */
		05C7F19B260F77DB00211D19 /* Debug */ = {
			isa = XCBuildConfiguration;
			buildSettings = {
				ALWAYS_SEARCH_USER_PATHS = NO;
				CLANG_ANALYZER_NONNULL = YES;
				CLANG_ANALYZER_NUMBER_OBJECT_CONVERSION = YES_AGGRESSIVE;
				CLANG_CXX_LANGUAGE_STANDARD = "gnu++14";
				CLANG_CXX_LIBRARY = "libc++";
				CLANG_ENABLE_MODULES = YES;
				CLANG_ENABLE_OBJC_ARC = YES;
				CLANG_ENABLE_OBJC_WEAK = YES;
				CLANG_WARN_BLOCK_CAPTURE_AUTORELEASING = YES;
				CLANG_WARN_BOOL_CONVERSION = YES;
				CLANG_WARN_COMMA = YES;
				CLANG_WARN_CONSTANT_CONVERSION = YES;
				CLANG_WARN_DEPRECATED_OBJC_IMPLEMENTATIONS = YES;
				CLANG_WARN_DIRECT_OBJC_ISA_USAGE = YES_ERROR;
				CLANG_WARN_DOCUMENTATION_COMMENTS = YES;
				CLANG_WARN_EMPTY_BODY = YES;
				CLANG_WARN_ENUM_CONVERSION = YES;
				CLANG_WARN_INFINITE_RECURSION = YES;
				CLANG_WARN_INT_CONVERSION = YES;
				CLANG_WARN_NON_LITERAL_NULL_CONVERSION = YES;
				CLANG_WARN_OBJC_IMPLICIT_RETAIN_SELF = YES;
				CLANG_WARN_OBJC_LITERAL_CONVERSION = YES;
				CLANG_WARN_OBJC_ROOT_CLASS = YES_ERROR;
				CLANG_WARN_QUOTED_INCLUDE_IN_FRAMEWORK_HEADER = YES;
				CLANG_WARN_RANGE_LOOP_ANALYSIS = YES;
				CLANG_WARN_STRICT_PROTOTYPES = YES;
				CLANG_WARN_SUSPICIOUS_MOVE = YES;
				CLANG_WARN_UNGUARDED_AVAILABILITY = YES_AGGRESSIVE;
				CLANG_WARN_UNREACHABLE_CODE = YES;
				CLANG_WARN__DUPLICATE_METHOD_MATCH = YES;
				COPY_PHASE_STRIP = NO;
				DEBUG_INFORMATION_FORMAT = dwarf;
				ENABLE_STRICT_OBJC_MSGSEND = YES;
				ENABLE_TESTABILITY = YES;
				GCC_C_LANGUAGE_STANDARD = gnu11;
				GCC_DYNAMIC_NO_PIC = NO;
				GCC_NO_COMMON_BLOCKS = YES;
				GCC_OPTIMIZATION_LEVEL = 0;
				GCC_PREPROCESSOR_DEFINITIONS = (
					"DEBUG=1",
					"$(inherited)",
				);
				GCC_WARN_64_TO_32_BIT_CONVERSION = YES;
				GCC_WARN_ABOUT_RETURN_TYPE = YES_ERROR;
				GCC_WARN_UNDECLARED_SELECTOR = YES;
				GCC_WARN_UNINITIALIZED_AUTOS = YES_AGGRESSIVE;
				GCC_WARN_UNUSED_FUNCTION = YES;
				GCC_WARN_UNUSED_VARIABLE = YES;
				IPHONEOS_DEPLOYMENT_TARGET = 14.4;
				MTL_ENABLE_DEBUG_INFO = INCLUDE_SOURCE;
				MTL_FAST_MATH = YES;
				ONLY_ACTIVE_ARCH = YES;
				SDKROOT = iphoneos;
				SWIFT_ACTIVE_COMPILATION_CONDITIONS = DEBUG;
				SWIFT_OPTIMIZATION_LEVEL = "-Onone";
			};
			name = Debug;
		};
		05C7F19C260F77DB00211D19 /* Release */ = {
			isa = XCBuildConfiguration;
			buildSettings = {
				ALWAYS_SEARCH_USER_PATHS = NO;
				CLANG_ANALYZER_NONNULL = YES;
				CLANG_ANALYZER_NUMBER_OBJECT_CONVERSION = YES_AGGRESSIVE;
				CLANG_CXX_LANGUAGE_STANDARD = "gnu++14";
				CLANG_CXX_LIBRARY = "libc++";
				CLANG_ENABLE_MODULES = YES;
				CLANG_ENABLE_OBJC_ARC = YES;
				CLANG_ENABLE_OBJC_WEAK = YES;
				CLANG_WARN_BLOCK_CAPTURE_AUTORELEASING = YES;
				CLANG_WARN_BOOL_CONVERSION = YES;
				CLANG_WARN_COMMA = YES;
				CLANG_WARN_CONSTANT_CONVERSION = YES;
				CLANG_WARN_DEPRECATED_OBJC_IMPLEMENTATIONS = YES;
				CLANG_WARN_DIRECT_OBJC_ISA_USAGE = YES_ERROR;
				CLANG_WARN_DOCUMENTATION_COMMENTS = YES;
				CLANG_WARN_EMPTY_BODY = YES;
				CLANG_WARN_ENUM_CONVERSION = YES;
				CLANG_WARN_INFINITE_RECURSION = YES;
				CLANG_WARN_INT_CONVERSION = YES;
				CLANG_WARN_NON_LITERAL_NULL_CONVERSION = YES;
				CLANG_WARN_OBJC_IMPLICIT_RETAIN_SELF = YES;
				CLANG_WARN_OBJC_LITERAL_CONVERSION = YES;
				CLANG_WARN_OBJC_ROOT_CLASS = YES_ERROR;
				CLANG_WARN_QUOTED_INCLUDE_IN_FRAMEWORK_HEADER = YES;
				CLANG_WARN_RANGE_LOOP_ANALYSIS = YES;
				CLANG_WARN_STRICT_PROTOTYPES = YES;
				CLANG_WARN_SUSPICIOUS_MOVE = YES;
				CLANG_WARN_UNGUARDED_AVAILABILITY = YES_AGGRESSIVE;
				CLANG_WARN_UNREACHABLE_CODE = YES;
				CLANG_WARN__DUPLICATE_METHOD_MATCH = YES;
				COPY_PHASE_STRIP = NO;
				DEBUG_INFORMATION_FORMAT = "dwarf-with-dsym";
				ENABLE_NS_ASSERTIONS = NO;
				ENABLE_STRICT_OBJC_MSGSEND = YES;
				GCC_C_LANGUAGE_STANDARD = gnu11;
				GCC_NO_COMMON_BLOCKS = YES;
				GCC_WARN_64_TO_32_BIT_CONVERSION = YES;
				GCC_WARN_ABOUT_RETURN_TYPE = YES_ERROR;
				GCC_WARN_UNDECLARED_SELECTOR = YES;
				GCC_WARN_UNINITIALIZED_AUTOS = YES_AGGRESSIVE;
				GCC_WARN_UNUSED_FUNCTION = YES;
				GCC_WARN_UNUSED_VARIABLE = YES;
				IPHONEOS_DEPLOYMENT_TARGET = 14.4;
				MTL_ENABLE_DEBUG_INFO = NO;
				MTL_FAST_MATH = YES;
				SDKROOT = iphoneos;
				SWIFT_COMPILATION_MODE = wholemodule;
				SWIFT_OPTIMIZATION_LEVEL = "-O";
				VALIDATE_PRODUCT = YES;
			};
			name = Release;
		};
		05C7F19E260F77DB00211D19 /* Debug */ = {
			isa = XCBuildConfiguration;
			buildSettings = {
				ASSETCATALOG_COMPILER_APPICON_NAME = AppIcon;
				ASSETCATALOG_COMPILER_GLOBAL_ACCENT_COLOR_NAME = AccentColor;
				CODE_SIGN_STYLE = Automatic;
				DEVELOPMENT_ASSET_PATHS = "\"TrafficLightSwiftUI/Preview Content\"";
				DEVELOPMENT_TEAM = D348HCR9GG;
				ENABLE_PREVIEWS = YES;
				INFOPLIST_FILE = TrafficLightSwiftUI/Info.plist;
				IPHONEOS_DEPLOYMENT_TARGET = 14.0;
				LD_RUNPATH_SEARCH_PATHS = (
					"$(inherited)",
					"@executable_path/Frameworks",
				);
				PRODUCT_BUNDLE_IDENTIFIER = "Igor-Denisiuk.TrafficLightSwiftUI";
				PRODUCT_NAME = "$(TARGET_NAME)";
				SWIFT_VERSION = 5.0;
				TARGETED_DEVICE_FAMILY = "1,2";
			};
			name = Debug;
		};
		05C7F19F260F77DB00211D19 /* Release */ = {
			isa = XCBuildConfiguration;
			buildSettings = {
				ASSETCATALOG_COMPILER_APPICON_NAME = AppIcon;
				ASSETCATALOG_COMPILER_GLOBAL_ACCENT_COLOR_NAME = AccentColor;
				CODE_SIGN_STYLE = Automatic;
				DEVELOPMENT_ASSET_PATHS = "\"TrafficLightSwiftUI/Preview Content\"";
				DEVELOPMENT_TEAM = D348HCR9GG;
				ENABLE_PREVIEWS = YES;
				INFOPLIST_FILE = TrafficLightSwiftUI/Info.plist;
				IPHONEOS_DEPLOYMENT_TARGET = 14.0;
				LD_RUNPATH_SEARCH_PATHS = (
					"$(inherited)",
					"@executable_path/Frameworks",
				);
				PRODUCT_BUNDLE_IDENTIFIER = "Igor-Denisiuk.TrafficLightSwiftUI";
				PRODUCT_NAME = "$(TARGET_NAME)";
				SWIFT_VERSION = 5.0;
				TARGETED_DEVICE_FAMILY = "1,2";
			};
			name = Release;
		};
/* End XCBuildConfiguration section */

/* Begin XCConfigurationList section */
		05C7F189260F77D800211D19 /* Build configuration list for PBXProject "TrafficLightSwiftUI" */ = {
			isa = XCConfigurationList;
			buildConfigurations = (
				05C7F19B260F77DB00211D19 /* Debug */,
				05C7F19C260F77DB00211D19 /* Release */,
			);
			defaultConfigurationIsVisible = 0;
			defaultConfigurationName = Release;
		};
		05C7F19D260F77DB00211D19 /* Build configuration list for PBXNativeTarget "TrafficLightSwiftUI" */ = {
			isa = XCConfigurationList;
			buildConfigurations = (
				05C7F19E260F77DB00211D19 /* Debug */,
				05C7F19F260F77DB00211D19 /* Release */,
			);
			defaultConfigurationIsVisible = 0;
			defaultConfigurationName = Release;
		};
/* End XCConfigurationList section */
	};
	rootObject = 05C7F186260F77D800211D19 /* Project object */;
}
